
Microsoft Visual Studio Solution File, Format Version 12.00
# Visual Studio Version 16
VisualStudioVersion = 16.0.31129.286
MinimumVisualStudioVersion = 10.0.40219.1
Project("{FAE04EC0-301F-11D3-BF4B-00C04F79EFBC}") = "temperature-conversion-app", "temperature-conversion-app\temperature-conversion-app.csproj", "{18096242-A865-49D3-BE50-D0C6E32BF94F}"
EndProject
Global
	GlobalSection(SolutionConfigurationPlatforms) = preSolution
		Debug|Any CPU = Debug|Any CPU
		Release|Any CPU = Release|Any CPU
	EndGlobalSection
	GlobalSection(ProjectConfigurationPlatforms) = postSolution
		{18096242-A865-49D3-BE50-D0C6E32BF94F}.Debug|Any CPU.ActiveCfg = Debug|Any CPU
		{18096242-A865-49D3-BE50-D0C6E32BF94F}.Debug|Any CPU.Build.0 = Debug|Any CPU
		{18096242-A865-49D3-BE50-D0C6E32BF94F}.Release|Any CPU.ActiveCfg = Release|Any CPU
		{18096242-A865-49D3-BE50-D0C6E32BF94F}.Release|Any CPU.Build.0 = Release|Any CPU
	EndGlobalSection
	GlobalSection(SolutionProperties) = preSolution
		HideSolutionNode = FALSE
	EndGlobalSection
	GlobalSection(ExtensibilityGlobals) = postSolution
		SolutionGuid = {DC0CF5A4-AF10-4AB3-99CC-2BA4FFC24C73}
	EndGlobalSection
EndGlobal
